{
  "name": "@oat-sa-private/tao-deliver-apps-common",
  "version": "1.26.0",
  "lockfileVersion": 1,
  "packages": {
    "": {
      "license": "AGPL-3.0-only OR LicenseRef-TAO-Commercial-License",
      "author": {
        "name": "Open Assessment Technologies S.A.",
        "url": "https://www.taotesting.com"
      }
    }
  }
}
